
Microsoft Visual Studio Solution File, Format Version 12.00
# Visual Studio 15
VisualStudioVersion = 15.0.27004.2002
MinimumVisualStudioVersion = 10.0.40219.1
Project("{FAE04EC0-301F-11D3-BF4B-00C04F79EFBC}") = "CoolBreeze.Android", "CoolBreeze\CoolBreeze.Android\CoolBreeze.Android.csproj", "{1C14002A-CC02-4246-B6A7-6D83566E77BE}"
EndProject
Project("{FAE04EC0-301F-11D3-BF4B-00C04F79EFBC}") = "CoolBreeze", "CoolBreeze\CoolBreeze\CoolBreeze.csproj", "{AE7F34AF-AD30-4DAD-9F9F-833C72FC6F12}"
EndProject
Project("{FAE04EC0-301F-11D3-BF4B-00C04F79EFBC}") = "CoolBreeze.UWP", "CoolBreeze\CoolBreeze.UWP\CoolBreeze.UWP.csproj", "{D74DCE2B-92CD-4F4D-AF82-74A528C44B1E}"
EndProject
Project("{FAE04EC0-301F-11D3-BF4B-00C04F79EFBC}") = "CoolBreeze.iOS", "CoolBreeze\CoolBreeze.iOS\CoolBreeze.iOS.csproj", "{C3C54A04-8699-4061-873E-63707561CD54}"
EndProject
Global
	GlobalSection(SolutionConfigurationPlatforms) = preSolution
		Ad-Hoc|Any CPU = Ad-Hoc|Any CPU
		Ad-Hoc|ARM = Ad-Hoc|ARM
		Ad-Hoc|iPhone = Ad-Hoc|iPhone
		Ad-Hoc|iPhoneSimulator = Ad-Hoc|iPhoneSimulator
		Ad-Hoc|x64 = Ad-Hoc|x64
		Ad-Hoc|x86 = Ad-Hoc|x86
		AppStore|Any CPU = AppStore|Any CPU
		AppStore|ARM = AppStore|ARM
		AppStore|iPhone = AppStore|iPhone
		AppStore|iPhoneSimulator = AppStore|iPhoneSimulator
		AppStore|x64 = AppStore|x64
		AppStore|x86 = AppStore|x86
		Debug|Any CPU = Debug|Any CPU
		Debug|ARM = Debug|ARM
		Debug|iPhone = Debug|iPhone
		Debug|iPhoneSimulator = Debug|iPhoneSimulator
		Debug|x64 = Debug|x64
		Debug|x86 = Debug|x86
		Release|Any CPU = Release|Any CPU
		Release|ARM = Release|ARM
		Release|iPhone = Release|iPhone
		Release|iPhoneSimulator = Release|iPhoneSimulator
		Release|x64 = Release|x64
		Release|x86 = Release|x86
	EndGlobalSection
	GlobalSection(ProjectConfigurationPlatforms) = postSolution
		{1C14002A-CC02-4246-B6A7-6D83566E77BE}.Ad-Hoc|Any CPU.ActiveCfg = Release|Any CPU
		{1C14002A-CC02-4246-B6A7-6D83566E77BE}.Ad-Hoc|Any CPU.Build.0 = Release|Any CPU
		{1C14002A-CC02-4246-B6A7-6D83566E77BE}.Ad-Hoc|Any CPU.Deploy.0 = Release|Any CPU
		{1C14002A-CC02-4246-B6A7-6D83566E77BE}.Ad-Hoc|ARM.ActiveCfg = Release|Any CPU
		{1C14002A-CC02-4246-B6A7-6D83566E77BE}.Ad-Hoc|ARM.Build.0 = Release|Any CPU
		{1C14002A-CC02-4246-B6A7-6D83566E77BE}.Ad-Hoc|ARM.Deploy.0 = Release|Any CPU
		{1C14002A-CC02-4246-B6A7-6D83566E77BE}.Ad-Hoc|iPhone.ActiveCfg = Release|Any CPU
		{1C14002A-CC02-4246-B6A7-6D83566E77BE}.Ad-Hoc|iPhone.Build.0 = Release|Any CPU
		{1C14002A-CC02-4246-B6A7-6D83566E77BE}.Ad-Hoc|iPhone.Deploy.0 = Release|Any CPU
		{1C14002A-CC02-4246-B6A7-6D83566E77BE}.Ad-Hoc|iPhoneSimulator.ActiveCfg = Release|Any CPU
		{1C14002A-CC02-4246-B6A7-6D83566E77BE}.Ad-Hoc|iPhoneSimulator.Build.0 = Release|Any CPU
		{1C14002A-CC02-4246-B6A7-6D83566E77BE}.Ad-Hoc|iPhoneSimulator.Deploy.0 = Release|Any CPU
		{1C14002A-CC02-4246-B6A7-6D83566E77BE}.Ad-Hoc|x64.ActiveCfg = Release|Any CPU
		{1C14002A-CC02-4246-B6A7-6D83566E77BE}.Ad-Hoc|x64.Build.0 = Release|Any CPU
		{1C14002A-CC02-4246-B6A7-6D83566E77BE}.Ad-Hoc|x64.Deploy.0 = Release|Any CPU
		{1C14002A-CC02-4246-B6A7-6D83566E77BE}.Ad-Hoc|x86.ActiveCfg = Release|Any CPU
		{1C14002A-CC02-4246-B6A7-6D83566E77BE}.Ad-Hoc|x86.Build.0 = Release|Any CPU
		{1C14002A-CC02-4246-B6A7-6D83566E77BE}.Ad-Hoc|x86.Deploy.0 = Release|Any CPU
		{1C14002A-CC02-4246-B6A7-6D83566E77BE}.AppStore|Any CPU.ActiveCfg = Release|Any CPU
		{1C14002A-CC02-4246-B6A7-6D83566E77BE}.AppStore|Any CPU.Build.0 = Release|Any CPU
		{1C14002A-CC02-4246-B6A7-6D83566E77BE}.AppStore|Any CPU.Deploy.0 = Release|Any CPU
		{1C14002A-CC02-4246-B6A7-6D83566E77BE}.AppStore|ARM.ActiveCfg = Release|Any CPU
		{1C14002A-CC02-4246-B6A7-6D83566E77BE}.AppStore|ARM.Build.0 = Release|Any CPU
		{1C14002A-CC02-4246-B6A7-6D83566E77BE}.AppStore|ARM.Deploy.0 = Release|Any CPU
		{1C14002A-CC02-4246-B6A7-6D83566E77BE}.AppStore|iPhone.ActiveCfg = Release|Any CPU
		{1C14002A-CC02-4246-B6A7-6D83566E77BE}.AppStore|iPhone.Build.0 = Release|Any CPU
		{1C14002A-CC02-4246-B6A7-6D83566E77BE}.AppStore|iPhone.Deploy.0 = Release|Any CPU
		{1C14002A-CC02-4246-B6A7-6D83566E77BE}.AppStore|iPhoneSimulator.ActiveCfg = Release|Any CPU
		{1C14002A-CC02-4246-B6A7-6D83566E77BE}.AppStore|iPhoneSimulator.Build.0 = Release|Any CPU
		{1C14002A-CC02-4246-B6A7-6D83566E77BE}.AppStore|iPhoneSimulator.Deploy.0 = Release|Any CPU
		{1C14002A-CC02-4246-B6A7-6D83566E77BE}.AppStore|x64.ActiveCfg = Release|Any CPU
		{1C14002A-CC02-4246-B6A7-6D83566E77BE}.AppStore|x64.Build.0 = Release|Any CPU
		{1C14002A-CC02-4246-B6A7-6D83566E77BE}.AppStore|x64.Deploy.0 = Release|Any CPU
		{1C14002A-CC02-4246-B6A7-6D83566E77BE}.AppStore|x86.ActiveCfg = Release|Any CPU
		{1C14002A-CC02-4246-B6A7-6D83566E77BE}.AppStore|x86.Build.0 = Release|Any CPU
		{1C14002A-CC02-4246-B6A7-6D83566E77BE}.AppStore|x86.Deploy.0 = Release|Any CPU
		{1C14002A-CC02-4246-B6A7-6D83566E77BE}.Debug|Any CPU.ActiveCfg = Debug|Any CPU
		{1C14002A-CC02-4246-B6A7-6D83566E77BE}.Debug|Any CPU.Build.0 = Debug|Any CPU
		{1C14002A-CC02-4246-B6A7-6D83566E77BE}.Debug|Any CPU.Deploy.0 = Debug|Any CPU
		{1C14002A-CC02-4246-B6A7-6D83566E77BE}.Debug|ARM.ActiveCfg = Debug|Any CPU
		{1C14002A-CC02-4246-B6A7-6D83566E77BE}.Debug|ARM.Build.0 = Debug|Any CPU
		{1C14002A-CC02-4246-B6A7-6D83566E77BE}.Debug|ARM.Deploy.0 = Debug|Any CPU
		{1C14002A-CC02-4246-B6A7-6D83566E77BE}.Debug|iPhone.ActiveCfg = Debug|Any CPU
		{1C14002A-CC02-4246-B6A7-6D83566E77BE}.Debug|iPhone.Build.0 = Debug|Any CPU
		{1C14002A-CC02-4246-B6A7-6D83566E77BE}.Debug|iPhone.Deploy.0 = Debug|Any CPU
		{1C14002A-CC02-4246-B6A7-6D83566E77BE}.Debug|iPhoneSimulator.ActiveCfg = Debug|Any CPU
		{1C14002A-CC02-4246-B6A7-6D83566E77BE}.Debug|iPhoneSimulator.Build.0 = Debug|Any CPU
		{1C14002A-CC02-4246-B6A7-6D83566E77BE}.Debug|iPhoneSimulator.Deploy.0 = Debug|Any CPU
		{1C14002A-CC02-4246-B6A7-6D83566E77BE}.Debug|x64.ActiveCfg = Debug|Any CPU
		{1C14002A-CC02-4246-B6A7-6D83566E77BE}.Debug|x64.Build.0 = Debug|Any CPU
		{1C14002A-CC02-4246-B6A7-6D83566E77BE}.Debug|x64.Deploy.0 = Debug|Any CPU
		{1C14002A-CC02-4246-B6A7-6D83566E77BE}.Debug|x86.ActiveCfg = Debug|Any CPU
		{1C14002A-CC02-4246-B6A7-6D83566E77BE}.Debug|x86.Build.0 = Debug|Any CPU
		{1C14002A-CC02-4246-B6A7-6D83566E77BE}.Debug|x86.Deploy.0 = Debug|Any CPU
		{1C14002A-CC02-4246-B6A7-6D83566E77BE}.Release|Any CPU.ActiveCfg = Release|Any CPU
		{1C14002A-CC02-4246-B6A7-6D83566E77BE}.Release|Any CPU.Build.0 = Release|Any CPU
		{1C14002A-CC02-4246-B6A7-6D83566E77BE}.Release|Any CPU.Deploy.0 = Release|Any CPU
		{1C14002A-CC02-4246-B6A7-6D83566E77BE}.Release|ARM.ActiveCfg = Release|Any CPU
		{1C14002A-CC02-4246-B6A7-6D83566E77BE}.Release|ARM.Build.0 = Release|Any CPU
		{1C14002A-CC02-4246-B6A7-6D83566E77BE}.Release|ARM.Deploy.0 = Release|Any CPU
		{1C14002A-CC02-4246-B6A7-6D83566E77BE}.Release|iPhone.ActiveCfg = Release|Any CPU
		{1C14002A-CC02-4246-B6A7-6D83566E77BE}.Release|iPhone.Build.0 = Release|Any CPU
		{1C14002A-CC02-4246-B6A7-6D83566E77BE}.Release|iPhone.Deploy.0 = Release|Any CPU
		{1C14002A-CC02-4246-B6A7-6D83566E77BE}.Release|iPhoneSimulator.ActiveCfg = Release|Any CPU
		{1C14002A-CC02-4246-B6A7-6D83566E77BE}.Release|iPhoneSimulator.Build.0 = Release|Any CPU
		{1C14002A-CC02-4246-B6A7-6D83566E77BE}.Release|iPhoneSimulator.Deploy.0 = Release|Any CPU
		{1C14002A-CC02-4246-B6A7-6D83566E77BE}.Release|x64.ActiveCfg = Release|Any CPU
		{1C14002A-CC02-4246-B6A7-6D83566E77BE}.Release|x64.Build.0 = Release|Any CPU
		{1C14002A-CC02-4246-B6A7-6D83566E77BE}.Release|x64.Deploy.0 = Release|Any CPU
		{1C14002A-CC02-4246-B6A7-6D83566E77BE}.Release|x86.ActiveCfg = Release|Any CPU
		{1C14002A-CC02-4246-B6A7-6D83566E77BE}.Release|x86.Build.0 = Release|Any CPU
		{1C14002A-CC02-4246-B6A7-6D83566E77BE}.Release|x86.Deploy.0 = Release|Any CPU
		{AE7F34AF-AD30-4DAD-9F9F-833C72FC6F12}.Ad-Hoc|Any CPU.ActiveCfg = Release|Any CPU
		{AE7F34AF-AD30-4DAD-9F9F-833C72FC6F12}.Ad-Hoc|Any CPU.Build.0 = Release|Any CPU
		{AE7F34AF-AD30-4DAD-9F9F-833C72FC6F12}.Ad-Hoc|ARM.ActiveCfg = Release|Any CPU
		{AE7F34AF-AD30-4DAD-9F9F-833C72FC6F12}.Ad-Hoc|ARM.Build.0 = Release|Any CPU
		{AE7F34AF-AD30-4DAD-9F9F-833C72FC6F12}.Ad-Hoc|iPhone.ActiveCfg = Release|Any CPU
		{AE7F34AF-AD30-4DAD-9F9F-833C72FC6F12}.Ad-Hoc|iPhone.Build.0 = Release|Any CPU
		{AE7F34AF-AD30-4DAD-9F9F-833C72FC6F12}.Ad-Hoc|iPhoneSimulator.ActiveCfg = Release|Any CPU
		{AE7F34AF-AD30-4DAD-9F9F-833C72FC6F12}.Ad-Hoc|iPhoneSimulator.Build.0 = Release|Any CPU
		{AE7F34AF-AD30-4DAD-9F9F-833C72FC6F12}.Ad-Hoc|x64.ActiveCfg = Release|Any CPU
		{AE7F34AF-AD30-4DAD-9F9F-833C72FC6F12}.Ad-Hoc|x64.Build.0 = Release|Any CPU
		{AE7F34AF-AD30-4DAD-9F9F-833C72FC6F12}.Ad-Hoc|x86.ActiveCfg = Release|Any CPU
		{AE7F34AF-AD30-4DAD-9F9F-833C72FC6F12}.Ad-Hoc|x86.Build.0 = Release|Any CPU
		{AE7F34AF-AD30-4DAD-9F9F-833C72FC6F12}.AppStore|Any CPU.ActiveCfg = Release|Any CPU
		{AE7F34AF-AD30-4DAD-9F9F-833C72FC6F12}.AppStore|Any CPU.Build.0 = Release|Any CPU
		{AE7F34AF-AD30-4DAD-9F9F-833C72FC6F12}.AppStore|ARM.ActiveCfg = Release|Any CPU
		{AE7F34AF-AD30-4DAD-9F9F-833C72FC6F12}.AppStore|ARM.Build.0 = Release|Any CPU
		{AE7F34AF-AD30-4DAD-9F9F-833C72FC6F12}.AppStore|iPhone.ActiveCfg = Release|Any CPU
		{AE7F34AF-AD30-4DAD-9F9F-833C72FC6F12}.AppStore|iPhone.Build.0 = Release|Any CPU
		{AE7F34AF-AD30-4DAD-9F9F-833C72FC6F12}.AppStore|iPhoneSimulator.ActiveCfg = Release|Any CPU
		{AE7F34AF-AD30-4DAD-9F9F-833C72FC6F12}.AppStore|iPhoneSimulator.Build.0 = Release|Any CPU
		{AE7F34AF-AD30-4DAD-9F9F-833C72FC6F12}.AppStore|x64.ActiveCfg = Release|Any CPU
		{AE7F34AF-AD30-4DAD-9F9F-833C72FC6F12}.AppStore|x64.Build.0 = Release|Any CPU
		{AE7F34AF-AD30-4DAD-9F9F-833C72FC6F12}.AppStore|x86.ActiveCfg = Release|Any CPU
		{AE7F34AF-AD30-4DAD-9F9F-833C72FC6F12}.AppStore|x86.Build.0 = Release|Any CPU
		{AE7F34AF-AD30-4DAD-9F9F-833C72FC6F12}.Debug|Any CPU.ActiveCfg = Debug|Any CPU
		{AE7F34AF-AD30-4DAD-9F9F-833C72FC6F12}.Debug|Any CPU.Build.0 = Debug|Any CPU
		{AE7F34AF-AD30-4DAD-9F9F-833C72FC6F12}.Debug|ARM.ActiveCfg = Debug|Any CPU
		{AE7F34AF-AD30-4DAD-9F9F-833C72FC6F12}.Debug|ARM.Build.0 = Debug|Any CPU
		{AE7F34AF-AD30-4DAD-9F9F-833C72FC6F12}.Debug|iPhone.ActiveCfg = Debug|Any CPU
		{AE7F34AF-AD30-4DAD-9F9F-833C72FC6F12}.Debug|iPhone.Build.0 = Debug|Any CPU
		{AE7F34AF-AD30-4DAD-9F9F-833C72FC6F12}.Debug|iPhoneSimulator.ActiveCfg = Debug|Any CPU
		{AE7F34AF-AD30-4DAD-9F9F-833C72FC6F12}.Debug|iPhoneSimulator.Build.0 = Debug|Any CPU
		{AE7F34AF-AD30-4DAD-9F9F-833C72FC6F12}.Debug|x64.ActiveCfg = Debug|Any CPU
		{AE7F34AF-AD30-4DAD-9F9F-833C72FC6F12}.Debug|x64.Build.0 = Debug|Any CPU
		{AE7F34AF-AD30-4DAD-9F9F-833C72FC6F12}.Debug|x86.ActiveCfg = Debug|Any CPU
		{AE7F34AF-AD30-4DAD-9F9F-833C72FC6F12}.Debug|x86.Build.0 = Debug|Any CPU
		{AE7F34AF-AD30-4DAD-9F9F-833C72FC6F12}.Release|Any CPU.ActiveCfg = Release|Any CPU
		{AE7F34AF-AD30-4DAD-9F9F-833C72FC6F12}.Release|Any CPU.Build.0 = Release|Any CPU
		{AE7F34AF-AD30-4DAD-9F9F-833C72FC6F12}.Release|ARM.ActiveCfg = Release|Any CPU
		{AE7F34AF-AD30-4DAD-9F9F-833C72FC6F12}.Release|ARM.Build.0 = Release|Any CPU
		{AE7F34AF-AD30-4DAD-9F9F-833C72FC6F12}.Release|iPhone.ActiveCfg = Release|Any CPU
		{AE7F34AF-AD30-4DAD-9F9F-833C72FC6F12}.Release|iPhone.Build.0 = Release|Any CPU
		{AE7F34AF-AD30-4DAD-9F9F-833C72FC6F12}.Release|iPhoneSimulator.ActiveCfg = Release|Any CPU
		{AE7F34AF-AD30-4DAD-9F9F-833C72FC6F12}.Release|iPhoneSimulator.Build.0 = Release|Any CPU
		{AE7F34AF-AD30-4DAD-9F9F-833C72FC6F12}.Release|x64.ActiveCfg = Release|Any CPU
		{AE7F34AF-AD30-4DAD-9F9F-833C72FC6F12}.Release|x64.Build.0 = Release|Any CPU
		{AE7F34AF-AD30-4DAD-9F9F-833C72FC6F12}.Release|x86.ActiveCfg = Release|Any CPU
		{AE7F34AF-AD30-4DAD-9F9F-833C72FC6F12}.Release|x86.Build.0 = Release|Any CPU
		{D74DCE2B-92CD-4F4D-AF82-74A528C44B1E}.Ad-Hoc|Any CPU.ActiveCfg = Release|x86
		{D74DCE2B-92CD-4F4D-AF82-74A528C44B1E}.Ad-Hoc|Any CPU.Build.0 = Release|x86
		{D74DCE2B-92CD-4F4D-AF82-74A528C44B1E}.Ad-Hoc|Any CPU.Deploy.0 = Release|x86
		{D74DCE2B-92CD-4F4D-AF82-74A528C44B1E}.Ad-Hoc|ARM.ActiveCfg = Release|ARM
		{D74DCE2B-92CD-4F4D-AF82-74A528C44B1E}.Ad-Hoc|ARM.Build.0 = Release|ARM
		{D74DCE2B-92CD-4F4D-AF82-74A528C44B1E}.Ad-Hoc|ARM.Deploy.0 = Release|ARM
		{D74DCE2B-92CD-4F4D-AF82-74A528C44B1E}.Ad-Hoc|iPhone.ActiveCfg = Release|x86
		{D74DCE2B-92CD-4F4D-AF82-74A528C44B1E}.Ad-Hoc|iPhone.Build.0 = Release|x86
		{D74DCE2B-92CD-4F4D-AF82-74A528C44B1E}.Ad-Hoc|iPhone.Deploy.0 = Release|x86
		{D74DCE2B-92CD-4F4D-AF82-74A528C44B1E}.Ad-Hoc|iPhoneSimulator.ActiveCfg = Release|x86
		{D74DCE2B-92CD-4F4D-AF82-74A528C44B1E}.Ad-Hoc|iPhoneSimulator.Build.0 = Release|x86
		{D74DCE2B-92CD-4F4D-AF82-74A528C44B1E}.Ad-Hoc|iPhoneSimulator.Deploy.0 = Release|x86
		{D74DCE2B-92CD-4F4D-AF82-74A528C44B1E}.Ad-Hoc|x64.ActiveCfg = Release|x64
		{D74DCE2B-92CD-4F4D-AF82-74A528C44B1E}.Ad-Hoc|x64.Build.0 = Release|x64
		{D74DCE2B-92CD-4F4D-AF82-74A528C44B1E}.Ad-Hoc|x64.Deploy.0 = Release|x64
		{D74DCE2B-92CD-4F4D-AF82-74A528C44B1E}.Ad-Hoc|x86.ActiveCfg = Release|x86
		{D74DCE2B-92CD-4F4D-AF82-74A528C44B1E}.Ad-Hoc|x86.Build.0 = Release|x86
		{D74DCE2B-92CD-4F4D-AF82-74A528C44B1E}.Ad-Hoc|x86.Deploy.0 = Release|x86
		{D74DCE2B-92CD-4F4D-AF82-74A528C44B1E}.AppStore|Any CPU.ActiveCfg = Release|x86
		{D74DCE2B-92CD-4F4D-AF82-74A528C44B1E}.AppStore|Any CPU.Build.0 = Release|x86
		{D74DCE2B-92CD-4F4D-AF82-74A528C44B1E}.AppStore|Any CPU.Deploy.0 = Release|x86
		{D74DCE2B-92CD-4F4D-AF82-74A528C44B1E}.AppStore|ARM.ActiveCfg = Release|ARM
		{D74DCE2B-92CD-4F4D-AF82-74A528C44B1E}.AppStore|ARM.Build.0 = Release|ARM
		{D74DCE2B-92CD-4F4D-AF82-74A528C44B1E}.AppStore|ARM.Deploy.0 = Release|ARM
		{D74DCE2B-92CD-4F4D-AF82-74A528C44B1E}.AppStore|iPhone.ActiveCfg = Release|x86
		{D74DCE2B-92CD-4F4D-AF82-74A528C44B1E}.AppStore|iPhone.Build.0 = Release|x86
		{D74DCE2B-92CD-4F4D-AF82-74A528C44B1E}.AppStore|iPhone.Deploy.0 = Release|x86
		{D74DCE2B-92CD-4F4D-AF82-74A528C44B1E}.AppStore|iPhoneSimulator.ActiveCfg = Release|x86
		{D74DCE2B-92CD-4F4D-AF82-74A528C44B1E}.AppStore|iPhoneSimulator.Build.0 = Release|x86
		{D74DCE2B-92CD-4F4D-AF82-74A528C44B1E}.AppStore|iPhoneSimulator.Deploy.0 = Release|x86
		{D74DCE2B-92CD-4F4D-AF82-74A528C44B1E}.AppStore|x64.ActiveCfg = Release|x64
		{D74DCE2B-92CD-4F4D-AF82-74A528C44B1E}.AppStore|x64.Build.0 = Release|x64
		{D74DCE2B-92CD-4F4D-AF82-74A528C44B1E}.AppStore|x64.Deploy.0 = Release|x64
		{D74DCE2B-92CD-4F4D-AF82-74A528C44B1E}.AppStore|x86.ActiveCfg = Release|x86
		{D74DCE2B-92CD-4F4D-AF82-74A528C44B1E}.AppStore|x86.Build.0 = Release|x86
		{D74DCE2B-92CD-4F4D-AF82-74A528C44B1E}.AppStore|x86.Deploy.0 = Release|x86
		{D74DCE2B-92CD-4F4D-AF82-74A528C44B1E}.Debug|Any CPU.ActiveCfg = Debug|x86
		{D74DCE2B-92CD-4F4D-AF82-74A528C44B1E}.Debug|ARM.ActiveCfg = Debug|ARM
		{D74DCE2B-92CD-4F4D-AF82-74A528C44B1E}.Debug|ARM.Build.0 = Debug|ARM
		{D74DCE2B-92CD-4F4D-AF82-74A528C44B1E}.Debug|ARM.Deploy.0 = Debug|ARM
		{D74DCE2B-92CD-4F4D-AF82-74A528C44B1E}.Debug|iPhone.ActiveCfg = Debug|x86
		{D74DCE2B-92CD-4F4D-AF82-74A528C44B1E}.Debug|iPhoneSimulator.ActiveCfg = Debug|x86
		{D74DCE2B-92CD-4F4D-AF82-74A528C44B1E}.Debug|x64.ActiveCfg = Debug|x64
		{D74DCE2B-92CD-4F4D-AF82-74A528C44B1E}.Debug|x64.Build.0 = Debug|x64
		{D74DCE2B-92CD-4F4D-AF82-74A528C44B1E}.Debug|x64.Deploy.0 = Debug|x64
		{D74DCE2B-92CD-4F4D-AF82-74A528C44B1E}.Debug|x86.ActiveCfg = Debug|x86
		{D74DCE2B-92CD-4F4D-AF82-74A528C44B1E}.Debug|x86.Build.0 = Debug|x86
		{D74DCE2B-92CD-4F4D-AF82-74A528C44B1E}.Debug|x86.Deploy.0 = Debug|x86
		{D74DCE2B-92CD-4F4D-AF82-74A528C44B1E}.Release|Any CPU.ActiveCfg = Release|x86
		{D74DCE2B-92CD-4F4D-AF82-74A528C44B1E}.Release|ARM.ActiveCfg = Release|ARM
		{D74DCE2B-92CD-4F4D-AF82-74A528C44B1E}.Release|ARM.Build.0 = Release|ARM
		{D74DCE2B-92CD-4F4D-AF82-74A528C44B1E}.Release|ARM.Deploy.0 = Release|ARM
		{D74DCE2B-92CD-4F4D-AF82-74A528C44B1E}.Release|iPhone.ActiveCfg = Release|x86
		{D74DCE2B-92CD-4F4D-AF82-74A528C44B1E}.Release|iPhoneSimulator.ActiveCfg = Release|x86
		{D74DCE2B-92CD-4F4D-AF82-74A528C44B1E}.Release|x64.ActiveCfg = Release|x64
		{D74DCE2B-92CD-4F4D-AF82-74A528C44B1E}.Release|x64.Build.0 = Release|x64
		{D74DCE2B-92CD-4F4D-AF82-74A528C44B1E}.Release|x64.Deploy.0 = Release|x64
		{D74DCE2B-92CD-4F4D-AF82-74A528C44B1E}.Release|x86.ActiveCfg = Release|x86
		{D74DCE2B-92CD-4F4D-AF82-74A528C44B1E}.Release|x86.Build.0 = Release|x86
		{D74DCE2B-92CD-4F4D-AF82-74A528C44B1E}.Release|x86.Deploy.0 = Release|x86
		{C3C54A04-8699-4061-873E-63707561CD54}.Ad-Hoc|Any CPU.ActiveCfg = Ad-Hoc|iPhoneSimulator
		{C3C54A04-8699-4061-873E-63707561CD54}.Ad-Hoc|ARM.ActiveCfg = Ad-Hoc|iPhone
		{C3C54A04-8699-4061-873E-63707561CD54}.Ad-Hoc|iPhone.ActiveCfg = Ad-Hoc|iPhone
		{C3C54A04-8699-4061-873E-63707561CD54}.Ad-Hoc|iPhone.Build.0 = Ad-Hoc|iPhone
		{C3C54A04-8699-4061-873E-63707561CD54}.Ad-Hoc|iPhoneSimulator.ActiveCfg = Ad-Hoc|iPhoneSimulator
		{C3C54A04-8699-4061-873E-63707561CD54}.Ad-Hoc|iPhoneSimulator.Build.0 = Ad-Hoc|iPhoneSimulator
		{C3C54A04-8699-4061-873E-63707561CD54}.Ad-Hoc|x64.ActiveCfg = Ad-Hoc|iPhone
		{C3C54A04-8699-4061-873E-63707561CD54}.Ad-Hoc|x86.ActiveCfg = Ad-Hoc|iPhone
		{C3C54A04-8699-4061-873E-63707561CD54}.AppStore|Any CPU.ActiveCfg = AppStore|iPhoneSimulator
		{C3C54A04-8699-4061-873E-63707561CD54}.AppStore|ARM.ActiveCfg = AppStore|iPhone
		{C3C54A04-8699-4061-873E-63707561CD54}.AppStore|iPhone.ActiveCfg = AppStore|iPhone
		{C3C54A04-8699-4061-873E-63707561CD54}.AppStore|iPhone.Build.0 = AppStore|iPhone
		{C3C54A04-8699-4061-873E-63707561CD54}.AppStore|iPhoneSimulator.ActiveCfg = AppStore|iPhoneSimulator
		{C3C54A04-8699-4061-873E-63707561CD54}.AppStore|iPhoneSimulator.Build.0 = AppStore|iPhoneSimulator
		{C3C54A04-8699-4061-873E-63707561CD54}.AppStore|x64.ActiveCfg = AppStore|iPhone
		{C3C54A04-8699-4061-873E-63707561CD54}.AppStore|x86.ActiveCfg = AppStore|iPhone
		{C3C54A04-8699-4061-873E-63707561CD54}.Debug|Any CPU.ActiveCfg = Debug|iPhoneSimulator
		{C3C54A04-8699-4061-873E-63707561CD54}.Debug|ARM.ActiveCfg = Debug|iPhone
		{C3C54A04-8699-4061-873E-63707561CD54}.Debug|iPhone.ActiveCfg = Debug|iPhone
		{C3C54A04-8699-4061-873E-63707561CD54}.Debug|iPhone.Build.0 = Debug|iPhone
		{C3C54A04-8699-4061-873E-63707561CD54}.Debug|iPhoneSimulator.ActiveCfg = Debug|iPhoneSimulator
		{C3C54A04-8699-4061-873E-63707561CD54}.Debug|iPhoneSimulator.Build.0 = Debug|iPhoneSimulator
		{C3C54A04-8699-4061-873E-63707561CD54}.Debug|x64.ActiveCfg = Debug|iPhone
		{C3C54A04-8699-4061-873E-63707561CD54}.Debug|x86.ActiveCfg = Debug|iPhone
		{C3C54A04-8699-4061-873E-63707561CD54}.Release|Any CPU.ActiveCfg = Release|iPhoneSimulator
		{C3C54A04-8699-4061-873E-63707561CD54}.Release|ARM.ActiveCfg = Release|iPhone
		{C3C54A04-8699-4061-873E-63707561CD54}.Release|iPhone.ActiveCfg = Release|iPhone
		{C3C54A04-8699-4061-873E-63707561CD54}.Release|iPhone.Build.0 = Release|iPhone
		{C3C54A04-8699-4061-873E-63707561CD54}.Release|iPhoneSimulator.ActiveCfg = Release|iPhoneSimulator
		{C3C54A04-8699-4061-873E-63707561CD54}.Release|iPhoneSimulator.Build.0 = Release|iPhoneSimulator
		{C3C54A04-8699-4061-873E-63707561CD54}.Release|x64.ActiveCfg = Release|iPhone
		{C3C54A04-8699-4061-873E-63707561CD54}.Release|x86.ActiveCfg = Release|iPhone
	EndGlobalSection
	GlobalSection(SolutionProperties) = preSolution
		HideSolutionNode = FALSE
	EndGlobalSection
	GlobalSection(ExtensibilityGlobals) = postSolution
		SolutionGuid = {9A4F5674-9BF9-49B5-AAEB-F9FB65B8B4E6}
	EndGlobalSection
EndGlobal
